
Microsoft Visual Studio Solution File, Format Version 12.00
# Visual Studio 2013
VisualStudioVersion = 12.0.31101.0
MinimumVisualStudioVersion = 10.0.40219.1
Project("{2150E333-8FDC-42A3-9474-1A3956D46DE8}") = "Source", "Source", "{F1D52B6D-7EE7-473A-B3C0-03E3568140B7}"
EndProject
Project("{2150E333-8FDC-42A3-9474-1A3956D46DE8}") = "1.3-Domain", "1.3-Domain", "{6ED9AFB5-CEFB-4C03-8029-20C9B8404904}"
EndProject
Project("{2150E333-8FDC-42A3-9474-1A3956D46DE8}") = "1.5.1-Persistence", "1.5.1-Persistence", "{5C133C8C-4616-4100-9BAD-07FF9B3B6C29}"
EndProject
Project("{2150E333-8FDC-42A3-9474-1A3956D46DE8}") = "1.2-Application", "1.2-Application", "{0496B31D-B5CE-4BD3-A538-DDD83DB178C9}"
EndProject
Project("{2150E333-8FDC-42A3-9474-1A3956D46DE8}") = "1.5.2-Services", "1.5.2-Services", "{B89E7F40-574C-484E-B999-21493F9276B0}"
EndProject
Project("{2150E333-8FDC-42A3-9474-1A3956D46DE8}") = "1.1-Presentation", "1.1-Presentation", "{0336366F-2326-4507-A485-B07DA4A1CC7B}"
EndProject
Project("{2150E333-8FDC-42A3-9474-1A3956D46DE8}") = ".nuget", ".nuget", "{2957032B-23AF-403B-9697-A52F8AA03092}"
	ProjectSection(SolutionItems) = preProject
		.nuget\NuGet.Config = .nuget\NuGet.Config
		.nuget\NuGet.exe = .nuget\NuGet.exe
		.nuget\NuGet.targets = .nuget\NuGet.targets
	EndProjectSection
EndProject
Project("{2150E333-8FDC-42A3-9474-1A3956D46DE8}") = "1.5.3-CrossCutting", "1.5.3-CrossCutting", "{372B286B-1C16-4FEE-9F91-6B7B1E1E7394}"
EndProject
Project("{2150E333-8FDC-42A3-9474-1A3956D46DE8}") = "1-Layers", "1-Layers", "{AFC84794-4C3D-49F1-9E7C-96E8E9847497}"
EndProject
Project("{2150E333-8FDC-42A3-9474-1A3956D46DE8}") = "1.5-Infrastructure", "1.5-Infrastructure", "{5F8DFD28-7116-45C6-A9F3-843A1D2FD569}"
EndProject
Project("{2150E333-8FDC-42A3-9474-1A3956D46DE8}") = "2-DataBase", "2-DataBase", "{F2A3C64C-01C8-4CAD-8C7B-CF53BDA7BAE5}"
EndProject
Project("{FAE04EC0-301F-11D3-BF4B-00C04F79EFBC}") = "Pe.ByS.ERP.Application.DTO", "Source\Application Layer\Pe.ByS.ERP.Application.DTO\Pe.ByS.ERP.Application.DTO.csproj", "{2A302195-A933-4498-BABC-E8233B767F38}"
EndProject
Project("{FAE04EC0-301F-11D3-BF4B-00C04F79EFBC}") = "Pe.ByS.ERP.Application.Converter", "Source\Application Layer\Pe.ByS.ERP.Application.Converter\Pe.ByS.ERP.Application.Converter.csproj", "{FEAA3F3B-4A3C-4654-8838-925AAF973DF8}"
EndProject
Project("{FAE04EC0-301F-11D3-BF4B-00C04F79EFBC}") = "Pe.ByS.ERP.Domain", "Source\Domain Layer\Pe.ByS.ERP.Domain\Pe.ByS.ERP.Domain.csproj", "{2A607E15-4B8A-4217-95A9-2CC30CDC7F38}"
EndProject
Project("{FAE04EC0-301F-11D3-BF4B-00C04F79EFBC}") = "Pe.ByS.ERP.Infrastructure.Persistence", "Source\Persistence Layer\Pe.ByS.ERP.Infrastructure.Persistence\Pe.ByS.ERP.Infrastructure.Persistence.csproj", "{6BDD195B-B753-435E-BCBB-141A8F7E464B}"
EndProject
Project("{FAE04EC0-301F-11D3-BF4B-00C04F79EFBC}") = "Pe.ByS.ERP.Infrastructure.Repository", "Source\Persistence Layer\Pe.ByS.ERP.Infrastructure.Repository\Pe.ByS.ERP.Infrastructure.Repository.csproj", "{95C572A0-951A-4DF7-9D03-BA4680F6EC0E}"
EndProject
Project("{FAE04EC0-301F-11D3-BF4B-00C04F79EFBC}") = "Pe.ByS.ERP.Infrastructure.SqlServer", "Source\Persistence Layer\Pe.ByS.ERP.Infrastructure.SqlServer\Pe.ByS.ERP.Infrastructure.SqlServer.csproj", "{6A3A7E76-AC00-4A9B-A547-0C9C11C3BEEC}"
EndProject
Project("{FAE04EC0-301F-11D3-BF4B-00C04F79EFBC}") = "Pe.ByS.ERP.Services.BusinessLogic", "Source\Services Layer\Pe.ByS.ERP.Services.BusinessLogic\Pe.ByS.ERP.Services.BusinessLogic.csproj", "{664A2E12-20D8-441F-BAD0-7989CC716AEE}"
EndProject
Project("{FAE04EC0-301F-11D3-BF4B-00C04F79EFBC}") = "Pe.ByS.ERP.CrossCutting.Aspects", "Source\Transversal Layer\Pe.ByS.ERP.CrossCutting.Aspects\Pe.ByS.ERP.CrossCutting.Aspects.csproj", "{28EF7BD7-BF05-4FC4-BD51-130C65E007EB}"
EndProject
Project("{FAE04EC0-301F-11D3-BF4B-00C04F79EFBC}") = "Pe.ByS.ERP.CrossCutting.Cache", "Source\Transversal Layer\Pe.ByS.ERP.CrossCutting.Cache\Pe.ByS.ERP.CrossCutting.Cache.csproj", "{495AEDE1-810C-49FB-A9D7-3CB472104EF2}"
EndProject
Project("{FAE04EC0-301F-11D3-BF4B-00C04F79EFBC}") = "Pe.ByS.ERP.CrossCutting.Email", "Source\Transversal Layer\Pe.ByS.ERP.CrossCutting.Email\Pe.ByS.ERP.CrossCutting.Email.csproj", "{04640F0D-7056-4A4C-B7DC-97172E28E89A}"
EndProject
Project("{FAE04EC0-301F-11D3-BF4B-00C04F79EFBC}") = "Pe.ByS.ERP.CrossCutting.IoC", "Source\Transversal Layer\Pe.ByS.ERP.CrossCutting.IoC\Pe.ByS.ERP.CrossCutting.IoC.csproj", "{469517AA-6E3B-43A1-88A2-7E99E5F80CFA}"
EndProject
Project("{FAE04EC0-301F-11D3-BF4B-00C04F79EFBC}") = "Pe.ByS.ERP.CrossCutting.Common", "Source\Transversal Layer\Pe.ByS.ERP.CrossCutting.Common\Pe.ByS.ERP.CrossCutting.Common.csproj", "{1660BE26-F3CC-4B61-A604-6772210CD657}"
EndProject
Project("{FAE04EC0-301F-11D3-BF4B-00C04F79EFBC}") = "Pe.ByS.ERP.DataBase.Generator", "Source\DataBase\Pe.ByS.ERP.DataBase.Generator\Pe.ByS.ERP.DataBase.Generator.csproj", "{F9BCABC5-9177-49E8-B6DF-03B430C8C9FE}"
EndProject
Project("{FAE04EC0-301F-11D3-BF4B-00C04F79EFBC}") = "Pe.ByS.ERP.Presentacion", "Source\Presentation Layer\Pe.ByS.ERP.Presentacion\Pe.ByS.ERP.Presentacion.csproj", "{A74FD94C-B14C-424B-A117-14ED22CCEBFF}"
EndProject
Global
	GlobalSection(SolutionConfigurationPlatforms) = preSolution
		CD_ROM|Any CPU = CD_ROM|Any CPU
		CD_ROM|x64 = CD_ROM|x64
		CD_ROM|x86 = CD_ROM|x86
		Debug|Any CPU = Debug|Any CPU
		Debug|x64 = Debug|x64
		Debug|x86 = Debug|x86
		DemoSite|Any CPU = DemoSite|Any CPU
		DemoSite|x64 = DemoSite|x64
		DemoSite|x86 = DemoSite|x86
		Download|Any CPU = Download|Any CPU
		Download|x64 = Download|x64
		Download|x86 = Download|x86
		DVD-5|Any CPU = DVD-5|Any CPU
		DVD-5|x64 = DVD-5|x64
		DVD-5|x86 = DVD-5|x86
		Mono|Any CPU = Mono|Any CPU
		Mono|x64 = Mono|x64
		Mono|x86 = Mono|x86
		Release|Any CPU = Release|Any CPU
		Release|x64 = Release|x64
		Release|x86 = Release|x86
		SingleImage|Any CPU = SingleImage|Any CPU
		SingleImage|x64 = SingleImage|x64
		SingleImage|x86 = SingleImage|x86
	EndGlobalSection
	GlobalSection(ProjectConfigurationPlatforms) = postSolution
		{2A302195-A933-4498-BABC-E8233B767F38}.CD_ROM|Any CPU.ActiveCfg = Release|Any CPU
		{2A302195-A933-4498-BABC-E8233B767F38}.CD_ROM|Any CPU.Build.0 = Release|Any CPU
		{2A302195-A933-4498-BABC-E8233B767F38}.CD_ROM|x64.ActiveCfg = Release|Any CPU
		{2A302195-A933-4498-BABC-E8233B767F38}.CD_ROM|x86.ActiveCfg = Release|Any CPU
		{2A302195-A933-4498-BABC-E8233B767F38}.Debug|Any CPU.ActiveCfg = Debug|Any CPU
		{2A302195-A933-4498-BABC-E8233B767F38}.Debug|Any CPU.Build.0 = Debug|Any CPU
		{2A302195-A933-4498-BABC-E8233B767F38}.Debug|x64.ActiveCfg = Debug|Any CPU
		{2A302195-A933-4498-BABC-E8233B767F38}.Debug|x86.ActiveCfg = Debug|Any CPU
		{2A302195-A933-4498-BABC-E8233B767F38}.DemoSite|Any CPU.ActiveCfg = Debug|Any CPU
		{2A302195-A933-4498-BABC-E8233B767F38}.DemoSite|Any CPU.Build.0 = Debug|Any CPU
		{2A302195-A933-4498-BABC-E8233B767F38}.DemoSite|x64.ActiveCfg = Debug|Any CPU
		{2A302195-A933-4498-BABC-E8233B767F38}.DemoSite|x86.ActiveCfg = Debug|Any CPU
		{2A302195-A933-4498-BABC-E8233B767F38}.Download|Any CPU.ActiveCfg = Debug|Any CPU
		{2A302195-A933-4498-BABC-E8233B767F38}.Download|Any CPU.Build.0 = Debug|Any CPU
		{2A302195-A933-4498-BABC-E8233B767F38}.Download|x64.ActiveCfg = Debug|Any CPU
		{2A302195-A933-4498-BABC-E8233B767F38}.Download|x86.ActiveCfg = Debug|Any CPU
		{2A302195-A933-4498-BABC-E8233B767F38}.DVD-5|Any CPU.ActiveCfg = Debug|Any CPU
		{2A302195-A933-4498-BABC-E8233B767F38}.DVD-5|Any CPU.Build.0 = Debug|Any CPU
		{2A302195-A933-4498-BABC-E8233B767F38}.DVD-5|x64.ActiveCfg = Debug|Any CPU
		{2A302195-A933-4498-BABC-E8233B767F38}.DVD-5|x86.ActiveCfg = Debug|Any CPU
		{2A302195-A933-4498-BABC-E8233B767F38}.Mono|Any CPU.ActiveCfg = Release|Any CPU
		{2A302195-A933-4498-BABC-E8233B767F38}.Mono|Any CPU.Build.0 = Release|Any CPU
		{2A302195-A933-4498-BABC-E8233B767F38}.Mono|x64.ActiveCfg = Release|Any CPU
		{2A302195-A933-4498-BABC-E8233B767F38}.Mono|x86.ActiveCfg = Release|Any CPU
		{2A302195-A933-4498-BABC-E8233B767F38}.Release|Any CPU.ActiveCfg = Release|Any CPU
		{2A302195-A933-4498-BABC-E8233B767F38}.Release|Any CPU.Build.0 = Release|Any CPU
		{2A302195-A933-4498-BABC-E8233B767F38}.Release|x64.ActiveCfg = Release|Any CPU
		{2A302195-A933-4498-BABC-E8233B767F38}.Release|x86.ActiveCfg = Release|Any CPU
		{2A302195-A933-4498-BABC-E8233B767F38}.SingleImage|Any CPU.ActiveCfg = Release|Any CPU
		{2A302195-A933-4498-BABC-E8233B767F38}.SingleImage|Any CPU.Build.0 = Release|Any CPU
		{2A302195-A933-4498-BABC-E8233B767F38}.SingleImage|x64.ActiveCfg = Release|Any CPU
		{2A302195-A933-4498-BABC-E8233B767F38}.SingleImage|x86.ActiveCfg = Release|Any CPU
		{FEAA3F3B-4A3C-4654-8838-925AAF973DF8}.CD_ROM|Any CPU.ActiveCfg = Release|Any CPU
		{FEAA3F3B-4A3C-4654-8838-925AAF973DF8}.CD_ROM|Any CPU.Build.0 = Release|Any CPU
		{FEAA3F3B-4A3C-4654-8838-925AAF973DF8}.CD_ROM|x64.ActiveCfg = Release|Any CPU
		{FEAA3F3B-4A3C-4654-8838-925AAF973DF8}.CD_ROM|x86.ActiveCfg = Release|Any CPU
		{FEAA3F3B-4A3C-4654-8838-925AAF973DF8}.Debug|Any CPU.ActiveCfg = Debug|Any CPU
		{FEAA3F3B-4A3C-4654-8838-925AAF973DF8}.Debug|Any CPU.Build.0 = Debug|Any CPU
		{FEAA3F3B-4A3C-4654-8838-925AAF973DF8}.Debug|x64.ActiveCfg = Debug|Any CPU
		{FEAA3F3B-4A3C-4654-8838-925AAF973DF8}.Debug|x86.ActiveCfg = Debug|Any CPU
		{FEAA3F3B-4A3C-4654-8838-925AAF973DF8}.DemoSite|Any CPU.ActiveCfg = Debug|Any CPU
		{FEAA3F3B-4A3C-4654-8838-925AAF973DF8}.DemoSite|Any CPU.Build.0 = Debug|Any CPU
		{FEAA3F3B-4A3C-4654-8838-925AAF973DF8}.DemoSite|x64.ActiveCfg = Debug|Any CPU
		{FEAA3F3B-4A3C-4654-8838-925AAF973DF8}.DemoSite|x86.ActiveCfg = Debug|Any CPU
		{FEAA3F3B-4A3C-4654-8838-925AAF973DF8}.Download|Any CPU.ActiveCfg = Debug|Any CPU
		{FEAA3F3B-4A3C-4654-8838-925AAF973DF8}.Download|Any CPU.Build.0 = Debug|Any CPU
		{FEAA3F3B-4A3C-4654-8838-925AAF973DF8}.Download|x64.ActiveCfg = Debug|Any CPU
		{FEAA3F3B-4A3C-4654-8838-925AAF973DF8}.Download|x86.ActiveCfg = Debug|Any CPU
		{FEAA3F3B-4A3C-4654-8838-925AAF973DF8}.DVD-5|Any CPU.ActiveCfg = Debug|Any CPU
		{FEAA3F3B-4A3C-4654-8838-925AAF973DF8}.DVD-5|Any CPU.Build.0 = Debug|Any CPU
		{FEAA3F3B-4A3C-4654-8838-925AAF973DF8}.DVD-5|x64.ActiveCfg = Debug|Any CPU
		{FEAA3F3B-4A3C-4654-8838-925AAF973DF8}.DVD-5|x86.ActiveCfg = Debug|Any CPU
		{FEAA3F3B-4A3C-4654-8838-925AAF973DF8}.Mono|Any CPU.ActiveCfg = Release|Any CPU
		{FEAA3F3B-4A3C-4654-8838-925AAF973DF8}.Mono|Any CPU.Build.0 = Release|Any CPU
		{FEAA3F3B-4A3C-4654-8838-925AAF973DF8}.Mono|x64.ActiveCfg = Release|Any CPU
		{FEAA3F3B-4A3C-4654-8838-925AAF973DF8}.Mono|x86.ActiveCfg = Release|Any CPU
		{FEAA3F3B-4A3C-4654-8838-925AAF973DF8}.Release|Any CPU.ActiveCfg = Release|Any CPU
		{FEAA3F3B-4A3C-4654-8838-925AAF973DF8}.Release|Any CPU.Build.0 = Release|Any CPU
		{FEAA3F3B-4A3C-4654-8838-925AAF973DF8}.Release|x64.ActiveCfg = Release|Any CPU
		{FEAA3F3B-4A3C-4654-8838-925AAF973DF8}.Release|x86.ActiveCfg = Release|Any CPU
		{FEAA3F3B-4A3C-4654-8838-925AAF973DF8}.SingleImage|Any CPU.ActiveCfg = Release|Any CPU
		{FEAA3F3B-4A3C-4654-8838-925AAF973DF8}.SingleImage|Any CPU.Build.0 = Release|Any CPU
		{FEAA3F3B-4A3C-4654-8838-925AAF973DF8}.SingleImage|x64.ActiveCfg = Release|Any CPU
		{FEAA3F3B-4A3C-4654-8838-925AAF973DF8}.SingleImage|x86.ActiveCfg = Release|Any CPU
		{2A607E15-4B8A-4217-95A9-2CC30CDC7F38}.CD_ROM|Any CPU.ActiveCfg = Release|Any CPU
		{2A607E15-4B8A-4217-95A9-2CC30CDC7F38}.CD_ROM|Any CPU.Build.0 = Release|Any CPU
		{2A607E15-4B8A-4217-95A9-2CC30CDC7F38}.CD_ROM|x64.ActiveCfg = Release|Any CPU
		{2A607E15-4B8A-4217-95A9-2CC30CDC7F38}.CD_ROM|x86.ActiveCfg = Release|Any CPU
		{2A607E15-4B8A-4217-95A9-2CC30CDC7F38}.Debug|Any CPU.ActiveCfg = Debug|Any CPU
		{2A607E15-4B8A-4217-95A9-2CC30CDC7F38}.Debug|Any CPU.Build.0 = Debug|Any CPU
		{2A607E15-4B8A-4217-95A9-2CC30CDC7F38}.Debug|x64.ActiveCfg = Debug|Any CPU
		{2A607E15-4B8A-4217-95A9-2CC30CDC7F38}.Debug|x86.ActiveCfg = Debug|Any CPU
		{2A607E15-4B8A-4217-95A9-2CC30CDC7F38}.DemoSite|Any CPU.ActiveCfg = Debug|Any CPU
		{2A607E15-4B8A-4217-95A9-2CC30CDC7F38}.DemoSite|Any CPU.Build.0 = Debug|Any CPU
		{2A607E15-4B8A-4217-95A9-2CC30CDC7F38}.DemoSite|x64.ActiveCfg = Debug|Any CPU
		{2A607E15-4B8A-4217-95A9-2CC30CDC7F38}.DemoSite|x86.ActiveCfg = Debug|Any CPU
		{2A607E15-4B8A-4217-95A9-2CC30CDC7F38}.Download|Any CPU.ActiveCfg = Debug|Any CPU
		{2A607E15-4B8A-4217-95A9-2CC30CDC7F38}.Download|Any CPU.Build.0 = Debug|Any CPU
		{2A607E15-4B8A-4217-95A9-2CC30CDC7F38}.Download|x64.ActiveCfg = Debug|Any CPU
		{2A607E15-4B8A-4217-95A9-2CC30CDC7F38}.Download|x86.ActiveCfg = Debug|Any CPU
		{2A607E15-4B8A-4217-95A9-2CC30CDC7F38}.DVD-5|Any CPU.ActiveCfg = Debug|Any CPU
		{2A607E15-4B8A-4217-95A9-2CC30CDC7F38}.DVD-5|Any CPU.Build.0 = Debug|Any CPU
		{2A607E15-4B8A-4217-95A9-2CC30CDC7F38}.DVD-5|x64.ActiveCfg = Debug|Any CPU
		{2A607E15-4B8A-4217-95A9-2CC30CDC7F38}.DVD-5|x86.ActiveCfg = Debug|Any CPU
		{2A607E15-4B8A-4217-95A9-2CC30CDC7F38}.Mono|Any CPU.ActiveCfg = Release|Any CPU
		{2A607E15-4B8A-4217-95A9-2CC30CDC7F38}.Mono|Any CPU.Build.0 = Release|Any CPU
		{2A607E15-4B8A-4217-95A9-2CC30CDC7F38}.Mono|x64.ActiveCfg = Release|Any CPU
		{2A607E15-4B8A-4217-95A9-2CC30CDC7F38}.Mono|x86.ActiveCfg = Release|Any CPU
		{2A607E15-4B8A-4217-95A9-2CC30CDC7F38}.Release|Any CPU.ActiveCfg = Release|Any CPU
		{2A607E15-4B8A-4217-95A9-2CC30CDC7F38}.Release|Any CPU.Build.0 = Release|Any CPU
		{2A607E15-4B8A-4217-95A9-2CC30CDC7F38}.Release|x64.ActiveCfg = Release|Any CPU
		{2A607E15-4B8A-4217-95A9-2CC30CDC7F38}.Release|x86.ActiveCfg = Release|Any CPU
		{2A607E15-4B8A-4217-95A9-2CC30CDC7F38}.SingleImage|Any CPU.ActiveCfg = Release|Any CPU
		{2A607E15-4B8A-4217-95A9-2CC30CDC7F38}.SingleImage|Any CPU.Build.0 = Release|Any CPU
		{2A607E15-4B8A-4217-95A9-2CC30CDC7F38}.SingleImage|x64.ActiveCfg = Release|Any CPU
		{2A607E15-4B8A-4217-95A9-2CC30CDC7F38}.SingleImage|x86.ActiveCfg = Release|Any CPU
		{6BDD195B-B753-435E-BCBB-141A8F7E464B}.CD_ROM|Any CPU.ActiveCfg = Release|Any CPU
		{6BDD195B-B753-435E-BCBB-141A8F7E464B}.CD_ROM|Any CPU.Build.0 = Release|Any CPU
		{6BDD195B-B753-435E-BCBB-141A8F7E464B}.CD_ROM|x64.ActiveCfg = Release|Any CPU
		{6BDD195B-B753-435E-BCBB-141A8F7E464B}.CD_ROM|x86.ActiveCfg = Release|Any CPU
		{6BDD195B-B753-435E-BCBB-141A8F7E464B}.Debug|Any CPU.ActiveCfg = Debug|Any CPU
		{6BDD195B-B753-435E-BCBB-141A8F7E464B}.Debug|Any CPU.Build.0 = Debug|Any CPU
		{6BDD195B-B753-435E-BCBB-141A8F7E464B}.Debug|x64.ActiveCfg = Debug|Any CPU
		{6BDD195B-B753-435E-BCBB-141A8F7E464B}.Debug|x86.ActiveCfg = Debug|Any CPU
		{6BDD195B-B753-435E-BCBB-141A8F7E464B}.DemoSite|Any CPU.ActiveCfg = Debug|Any CPU
		{6BDD195B-B753-435E-BCBB-141A8F7E464B}.DemoSite|Any CPU.Build.0 = Debug|Any CPU
		{6BDD195B-B753-435E-BCBB-141A8F7E464B}.DemoSite|x64.ActiveCfg = Debug|Any CPU
		{6BDD195B-B753-435E-BCBB-141A8F7E464B}.DemoSite|x86.ActiveCfg = Debug|Any CPU
		{6BDD195B-B753-435E-BCBB-141A8F7E464B}.Download|Any CPU.ActiveCfg = Debug|Any CPU
		{6BDD195B-B753-435E-BCBB-141A8F7E464B}.Download|Any CPU.Build.0 = Debug|Any CPU
		{6BDD195B-B753-435E-BCBB-141A8F7E464B}.Download|x64.ActiveCfg = Debug|Any CPU
		{6BDD195B-B753-435E-BCBB-141A8F7E464B}.Download|x86.ActiveCfg = Debug|Any CPU
		{6BDD195B-B753-435E-BCBB-141A8F7E464B}.DVD-5|Any CPU.ActiveCfg = Debug|Any CPU
		{6BDD195B-B753-435E-BCBB-141A8F7E464B}.DVD-5|Any CPU.Build.0 = Debug|Any CPU
		{6BDD195B-B753-435E-BCBB-141A8F7E464B}.DVD-5|x64.ActiveCfg = Debug|Any CPU
		{6BDD195B-B753-435E-BCBB-141A8F7E464B}.DVD-5|x86.ActiveCfg = Debug|Any CPU
		{6BDD195B-B753-435E-BCBB-141A8F7E464B}.Mono|Any CPU.ActiveCfg = Release|Any CPU
		{6BDD195B-B753-435E-BCBB-141A8F7E464B}.Mono|Any CPU.Build.0 = Release|Any CPU
		{6BDD195B-B753-435E-BCBB-141A8F7E464B}.Mono|x64.ActiveCfg = Release|Any CPU
		{6BDD195B-B753-435E-BCBB-141A8F7E464B}.Mono|x86.ActiveCfg = Release|Any CPU
		{6BDD195B-B753-435E-BCBB-141A8F7E464B}.Release|Any CPU.ActiveCfg = Release|Any CPU
		{6BDD195B-B753-435E-BCBB-141A8F7E464B}.Release|Any CPU.Build.0 = Release|Any CPU
		{6BDD195B-B753-435E-BCBB-141A8F7E464B}.Release|x64.ActiveCfg = Release|Any CPU
		{6BDD195B-B753-435E-BCBB-141A8F7E464B}.Release|x86.ActiveCfg = Release|Any CPU
		{6BDD195B-B753-435E-BCBB-141A8F7E464B}.SingleImage|Any CPU.ActiveCfg = Release|Any CPU
		{6BDD195B-B753-435E-BCBB-141A8F7E464B}.SingleImage|Any CPU.Build.0 = Release|Any CPU
		{6BDD195B-B753-435E-BCBB-141A8F7E464B}.SingleImage|x64.ActiveCfg = Release|Any CPU
		{6BDD195B-B753-435E-BCBB-141A8F7E464B}.SingleImage|x86.ActiveCfg = Release|Any CPU
		{95C572A0-951A-4DF7-9D03-BA4680F6EC0E}.CD_ROM|Any CPU.ActiveCfg = Release|Any CPU
		{95C572A0-951A-4DF7-9D03-BA4680F6EC0E}.CD_ROM|Any CPU.Build.0 = Release|Any CPU
		{95C572A0-951A-4DF7-9D03-BA4680F6EC0E}.CD_ROM|x64.ActiveCfg = Release|Any CPU
		{95C572A0-951A-4DF7-9D03-BA4680F6EC0E}.CD_ROM|x86.ActiveCfg = Release|Any CPU
		{95C572A0-951A-4DF7-9D03-BA4680F6EC0E}.Debug|Any CPU.ActiveCfg = Debug|Any CPU
		{95C572A0-951A-4DF7-9D03-BA4680F6EC0E}.Debug|Any CPU.Build.0 = Debug|Any CPU
		{95C572A0-951A-4DF7-9D03-BA4680F6EC0E}.Debug|x64.ActiveCfg = Debug|Any CPU
		{95C572A0-951A-4DF7-9D03-BA4680F6EC0E}.Debug|x86.ActiveCfg = Debug|Any CPU
		{95C572A0-951A-4DF7-9D03-BA4680F6EC0E}.DemoSite|Any CPU.ActiveCfg = Debug|Any CPU
		{95C572A0-951A-4DF7-9D03-BA4680F6EC0E}.DemoSite|Any CPU.Build.0 = Debug|Any CPU
		{95C572A0-951A-4DF7-9D03-BA4680F6EC0E}.DemoSite|x64.ActiveCfg = Debug|Any CPU
		{95C572A0-951A-4DF7-9D03-BA4680F6EC0E}.DemoSite|x86.ActiveCfg = Debug|Any CPU
		{95C572A0-951A-4DF7-9D03-BA4680F6EC0E}.Download|Any CPU.ActiveCfg = Debug|Any CPU
		{95C572A0-951A-4DF7-9D03-BA4680F6EC0E}.Download|Any CPU.Build.0 = Debug|Any CPU
		{95C572A0-951A-4DF7-9D03-BA4680F6EC0E}.Download|x64.ActiveCfg = Debug|Any CPU
		{95C572A0-951A-4DF7-9D03-BA4680F6EC0E}.Download|x86.ActiveCfg = Debug|Any CPU
		{95C572A0-951A-4DF7-9D03-BA4680F6EC0E}.DVD-5|Any CPU.ActiveCfg = Debug|Any CPU
		{95C572A0-951A-4DF7-9D03-BA4680F6EC0E}.DVD-5|Any CPU.Build.0 = Debug|Any CPU
		{95C572A0-951A-4DF7-9D03-BA4680F6EC0E}.DVD-5|x64.ActiveCfg = Debug|Any CPU
		{95C572A0-951A-4DF7-9D03-BA4680F6EC0E}.DVD-5|x86.ActiveCfg = Debug|Any CPU
		{95C572A0-951A-4DF7-9D03-BA4680F6EC0E}.Mono|Any CPU.ActiveCfg = Release|Any CPU
		{95C572A0-951A-4DF7-9D03-BA4680F6EC0E}.Mono|Any CPU.Build.0 = Release|Any CPU
		{95C572A0-951A-4DF7-9D03-BA4680F6EC0E}.Mono|x64.ActiveCfg = Release|Any CPU
		{95C572A0-951A-4DF7-9D03-BA4680F6EC0E}.Mono|x86.ActiveCfg = Release|Any CPU
		{95C572A0-951A-4DF7-9D03-BA4680F6EC0E}.Release|Any CPU.ActiveCfg = Release|Any CPU
		{95C572A0-951A-4DF7-9D03-BA4680F6EC0E}.Release|Any CPU.Build.0 = Release|Any CPU
		{95C572A0-951A-4DF7-9D03-BA4680F6EC0E}.Release|x64.ActiveCfg = Release|Any CPU
		{95C572A0-951A-4DF7-9D03-BA4680F6EC0E}.Release|x86.ActiveCfg = Release|Any CPU
		{95C572A0-951A-4DF7-9D03-BA4680F6EC0E}.SingleImage|Any CPU.ActiveCfg = Release|Any CPU
		{95C572A0-951A-4DF7-9D03-BA4680F6EC0E}.SingleImage|Any CPU.Build.0 = Release|Any CPU
		{95C572A0-951A-4DF7-9D03-BA4680F6EC0E}.SingleImage|x64.ActiveCfg = Release|Any CPU
		{95C572A0-951A-4DF7-9D03-BA4680F6EC0E}.SingleImage|x86.ActiveCfg = Release|Any CPU
		{6A3A7E76-AC00-4A9B-A547-0C9C11C3BEEC}.CD_ROM|Any CPU.ActiveCfg = Release|Any CPU
		{6A3A7E76-AC00-4A9B-A547-0C9C11C3BEEC}.CD_ROM|Any CPU.Build.0 = Release|Any CPU
		{6A3A7E76-AC00-4A9B-A547-0C9C11C3BEEC}.CD_ROM|x64.ActiveCfg = Release|Any CPU
		{6A3A7E76-AC00-4A9B-A547-0C9C11C3BEEC}.CD_ROM|x86.ActiveCfg = Release|Any CPU
		{6A3A7E76-AC00-4A9B-A547-0C9C11C3BEEC}.Debug|Any CPU.ActiveCfg = Debug|Any CPU
		{6A3A7E76-AC00-4A9B-A547-0C9C11C3BEEC}.Debug|Any CPU.Build.0 = Debug|Any CPU
		{6A3A7E76-AC00-4A9B-A547-0C9C11C3BEEC}.Debug|x64.ActiveCfg = Debug|Any CPU
		{6A3A7E76-AC00-4A9B-A547-0C9C11C3BEEC}.Debug|x86.ActiveCfg = Debug|Any CPU
		{6A3A7E76-AC00-4A9B-A547-0C9C11C3BEEC}.DemoSite|Any CPU.ActiveCfg = Debug|Any CPU
		{6A3A7E76-AC00-4A9B-A547-0C9C11C3BEEC}.DemoSite|Any CPU.Build.0 = Debug|Any CPU
		{6A3A7E76-AC00-4A9B-A547-0C9C11C3BEEC}.DemoSite|x64.ActiveCfg = Debug|Any CPU
		{6A3A7E76-AC00-4A9B-A547-0C9C11C3BEEC}.DemoSite|x86.ActiveCfg = Debug|Any CPU
		{6A3A7E76-AC00-4A9B-A547-0C9C11C3BEEC}.Download|Any CPU.ActiveCfg = Debug|Any CPU
		{6A3A7E76-AC00-4A9B-A547-0C9C11C3BEEC}.Download|Any CPU.Build.0 = Debug|Any CPU
		{6A3A7E76-AC00-4A9B-A547-0C9C11C3BEEC}.Download|x64.ActiveCfg = Debug|Any CPU
		{6A3A7E76-AC00-4A9B-A547-0C9C11C3BEEC}.Download|x86.ActiveCfg = Debug|Any CPU
		{6A3A7E76-AC00-4A9B-A547-0C9C11C3BEEC}.DVD-5|Any CPU.ActiveCfg = Debug|Any CPU
		{6A3A7E76-AC00-4A9B-A547-0C9C11C3BEEC}.DVD-5|Any CPU.Build.0 = Debug|Any CPU
		{6A3A7E76-AC00-4A9B-A547-0C9C11C3BEEC}.DVD-5|x64.ActiveCfg = Debug|Any CPU
		{6A3A7E76-AC00-4A9B-A547-0C9C11C3BEEC}.DVD-5|x86.ActiveCfg = Debug|Any CPU
		{6A3A7E76-AC00-4A9B-A547-0C9C11C3BEEC}.Mono|Any CPU.ActiveCfg = Release|Any CPU
		{6A3A7E76-AC00-4A9B-A547-0C9C11C3BEEC}.Mono|Any CPU.Build.0 = Release|Any CPU
		{6A3A7E76-AC00-4A9B-A547-0C9C11C3BEEC}.Mono|x64.ActiveCfg = Release|Any CPU
		{6A3A7E76-AC00-4A9B-A547-0C9C11C3BEEC}.Mono|x86.ActiveCfg = Release|Any CPU
		{6A3A7E76-AC00-4A9B-A547-0C9C11C3BEEC}.Release|Any CPU.ActiveCfg = Release|Any CPU
		{6A3A7E76-AC00-4A9B-A547-0C9C11C3BEEC}.Release|Any CPU.Build.0 = Release|Any CPU
		{6A3A7E76-AC00-4A9B-A547-0C9C11C3BEEC}.Release|x64.ActiveCfg = Release|Any CPU
		{6A3A7E76-AC00-4A9B-A547-0C9C11C3BEEC}.Release|x86.ActiveCfg = Release|Any CPU
		{6A3A7E76-AC00-4A9B-A547-0C9C11C3BEEC}.SingleImage|Any CPU.ActiveCfg = Release|Any CPU
		{6A3A7E76-AC00-4A9B-A547-0C9C11C3BEEC}.SingleImage|Any CPU.Build.0 = Release|Any CPU
		{6A3A7E76-AC00-4A9B-A547-0C9C11C3BEEC}.SingleImage|x64.ActiveCfg = Release|Any CPU
		{6A3A7E76-AC00-4A9B-A547-0C9C11C3BEEC}.SingleImage|x86.ActiveCfg = Release|Any CPU
		{664A2E12-20D8-441F-BAD0-7989CC716AEE}.CD_ROM|Any CPU.ActiveCfg = Release|Any CPU
		{664A2E12-20D8-441F-BAD0-7989CC716AEE}.CD_ROM|Any CPU.Build.0 = Release|Any CPU
		{664A2E12-20D8-441F-BAD0-7989CC716AEE}.CD_ROM|x64.ActiveCfg = Release|Any CPU
		{664A2E12-20D8-441F-BAD0-7989CC716AEE}.CD_ROM|x86.ActiveCfg = Release|Any CPU
		{664A2E12-20D8-441F-BAD0-7989CC716AEE}.Debug|Any CPU.ActiveCfg = Debug|Any CPU
		{664A2E12-20D8-441F-BAD0-7989CC716AEE}.Debug|Any CPU.Build.0 = Debug|Any CPU
		{664A2E12-20D8-441F-BAD0-7989CC716AEE}.Debug|x64.ActiveCfg = Debug|Any CPU
		{664A2E12-20D8-441F-BAD0-7989CC716AEE}.Debug|x86.ActiveCfg = Debug|Any CPU
		{664A2E12-20D8-441F-BAD0-7989CC716AEE}.DemoSite|Any CPU.ActiveCfg = Debug|Any CPU
		{664A2E12-20D8-441F-BAD0-7989CC716AEE}.DemoSite|Any CPU.Build.0 = Debug|Any CPU
		{664A2E12-20D8-441F-BAD0-7989CC716AEE}.DemoSite|x64.ActiveCfg = Debug|Any CPU
		{664A2E12-20D8-441F-BAD0-7989CC716AEE}.DemoSite|x86.ActiveCfg = Debug|Any CPU
		{664A2E12-20D8-441F-BAD0-7989CC716AEE}.Download|Any CPU.ActiveCfg = Debug|Any CPU
		{664A2E12-20D8-441F-BAD0-7989CC716AEE}.Download|Any CPU.Build.0 = Debug|Any CPU
		{664A2E12-20D8-441F-BAD0-7989CC716AEE}.Download|x64.ActiveCfg = Debug|Any CPU
		{664A2E12-20D8-441F-BAD0-7989CC716AEE}.Download|x86.ActiveCfg = Debug|Any CPU
		{664A2E12-20D8-441F-BAD0-7989CC716AEE}.DVD-5|Any CPU.ActiveCfg = Debug|Any CPU
		{664A2E12-20D8-441F-BAD0-7989CC716AEE}.DVD-5|Any CPU.Build.0 = Debug|Any CPU
		{664A2E12-20D8-441F-BAD0-7989CC716AEE}.DVD-5|x64.ActiveCfg = Debug|Any CPU
		{664A2E12-20D8-441F-BAD0-7989CC716AEE}.DVD-5|x86.ActiveCfg = Debug|Any CPU
		{664A2E12-20D8-441F-BAD0-7989CC716AEE}.Mono|Any CPU.ActiveCfg = Release|Any CPU
		{664A2E12-20D8-441F-BAD0-7989CC716AEE}.Mono|Any CPU.Build.0 = Release|Any CPU
		{664A2E12-20D8-441F-BAD0-7989CC716AEE}.Mono|x64.ActiveCfg = Release|Any CPU
		{664A2E12-20D8-441F-BAD0-7989CC716AEE}.Mono|x86.ActiveCfg = Release|Any CPU
		{664A2E12-20D8-441F-BAD0-7989CC716AEE}.Release|Any CPU.ActiveCfg = Release|Any CPU
		{664A2E12-20D8-441F-BAD0-7989CC716AEE}.Release|Any CPU.Build.0 = Release|Any CPU
		{664A2E12-20D8-441F-BAD0-7989CC716AEE}.Release|x64.ActiveCfg = Release|Any CPU
		{664A2E12-20D8-441F-BAD0-7989CC716AEE}.Release|x86.ActiveCfg = Release|Any CPU
		{664A2E12-20D8-441F-BAD0-7989CC716AEE}.SingleImage|Any CPU.ActiveCfg = Release|Any CPU
		{664A2E12-20D8-441F-BAD0-7989CC716AEE}.SingleImage|Any CPU.Build.0 = Release|Any CPU
		{664A2E12-20D8-441F-BAD0-7989CC716AEE}.SingleImage|x64.ActiveCfg = Release|Any CPU
		{664A2E12-20D8-441F-BAD0-7989CC716AEE}.SingleImage|x86.ActiveCfg = Release|Any CPU
		{28EF7BD7-BF05-4FC4-BD51-130C65E007EB}.CD_ROM|Any CPU.ActiveCfg = Release|Any CPU
		{28EF7BD7-BF05-4FC4-BD51-130C65E007EB}.CD_ROM|Any CPU.Build.0 = Release|Any CPU
		{28EF7BD7-BF05-4FC4-BD51-130C65E007EB}.CD_ROM|x64.ActiveCfg = Release|Any CPU
		{28EF7BD7-BF05-4FC4-BD51-130C65E007EB}.CD_ROM|x86.ActiveCfg = Release|Any CPU
		{28EF7BD7-BF05-4FC4-BD51-130C65E007EB}.Debug|Any CPU.ActiveCfg = Debug|Any CPU
		{28EF7BD7-BF05-4FC4-BD51-130C65E007EB}.Debug|Any CPU.Build.0 = Debug|Any CPU
		{28EF7BD7-BF05-4FC4-BD51-130C65E007EB}.Debug|x64.ActiveCfg = Debug|Any CPU
		{28EF7BD7-BF05-4FC4-BD51-130C65E007EB}.Debug|x86.ActiveCfg = Debug|Any CPU
		{28EF7BD7-BF05-4FC4-BD51-130C65E007EB}.DemoSite|Any CPU.ActiveCfg = Debug|Any CPU
		{28EF7BD7-BF05-4FC4-BD51-130C65E007EB}.DemoSite|Any CPU.Build.0 = Debug|Any CPU
		{28EF7BD7-BF05-4FC4-BD51-130C65E007EB}.DemoSite|x64.ActiveCfg = Debug|Any CPU
		{28EF7BD7-BF05-4FC4-BD51-130C65E007EB}.DemoSite|x86.ActiveCfg = Debug|Any CPU
		{28EF7BD7-BF05-4FC4-BD51-130C65E007EB}.Download|Any CPU.ActiveCfg = Debug|Any CPU
		{28EF7BD7-BF05-4FC4-BD51-130C65E007EB}.Download|Any CPU.Build.0 = Debug|Any CPU
		{28EF7BD7-BF05-4FC4-BD51-130C65E007EB}.Download|x64.ActiveCfg = Debug|Any CPU
		{28EF7BD7-BF05-4FC4-BD51-130C65E007EB}.Download|x86.ActiveCfg = Debug|Any CPU
		{28EF7BD7-BF05-4FC4-BD51-130C65E007EB}.DVD-5|Any CPU.ActiveCfg = Debug|Any CPU
		{28EF7BD7-BF05-4FC4-BD51-130C65E007EB}.DVD-5|Any CPU.Build.0 = Debug|Any CPU
		{28EF7BD7-BF05-4FC4-BD51-130C65E007EB}.DVD-5|x64.ActiveCfg = Debug|Any CPU
		{28EF7BD7-BF05-4FC4-BD51-130C65E007EB}.DVD-5|x86.ActiveCfg = Debug|Any CPU
		{28EF7BD7-BF05-4FC4-BD51-130C65E007EB}.Mono|Any CPU.ActiveCfg = Release|Any CPU
		{28EF7BD7-BF05-4FC4-BD51-130C65E007EB}.Mono|Any CPU.Build.0 = Release|Any CPU
		{28EF7BD7-BF05-4FC4-BD51-130C65E007EB}.Mono|x64.ActiveCfg = Release|Any CPU
		{28EF7BD7-BF05-4FC4-BD51-130C65E007EB}.Mono|x86.ActiveCfg = Release|Any CPU
		{28EF7BD7-BF05-4FC4-BD51-130C65E007EB}.Release|Any CPU.ActiveCfg = Release|Any CPU
		{28EF7BD7-BF05-4FC4-BD51-130C65E007EB}.Release|Any CPU.Build.0 = Release|Any CPU
		{28EF7BD7-BF05-4FC4-BD51-130C65E007EB}.Release|x64.ActiveCfg = Release|Any CPU
		{28EF7BD7-BF05-4FC4-BD51-130C65E007EB}.Release|x86.ActiveCfg = Release|Any CPU
		{28EF7BD7-BF05-4FC4-BD51-130C65E007EB}.SingleImage|Any CPU.ActiveCfg = Release|Any CPU
		{28EF7BD7-BF05-4FC4-BD51-130C65E007EB}.SingleImage|Any CPU.Build.0 = Release|Any CPU
		{28EF7BD7-BF05-4FC4-BD51-130C65E007EB}.SingleImage|x64.ActiveCfg = Release|Any CPU
		{28EF7BD7-BF05-4FC4-BD51-130C65E007EB}.SingleImage|x86.ActiveCfg = Release|Any CPU
		{495AEDE1-810C-49FB-A9D7-3CB472104EF2}.CD_ROM|Any CPU.ActiveCfg = Release|Any CPU
		{495AEDE1-810C-49FB-A9D7-3CB472104EF2}.CD_ROM|Any CPU.Build.0 = Release|Any CPU
		{495AEDE1-810C-49FB-A9D7-3CB472104EF2}.CD_ROM|x64.ActiveCfg = Release|Any CPU
		{495AEDE1-810C-49FB-A9D7-3CB472104EF2}.CD_ROM|x86.ActiveCfg = Release|Any CPU
		{495AEDE1-810C-49FB-A9D7-3CB472104EF2}.Debug|Any CPU.ActiveCfg = Debug|Any CPU
		{495AEDE1-810C-49FB-A9D7-3CB472104EF2}.Debug|Any CPU.Build.0 = Debug|Any CPU
		{495AEDE1-810C-49FB-A9D7-3CB472104EF2}.Debug|x64.ActiveCfg = Debug|Any CPU
		{495AEDE1-810C-49FB-A9D7-3CB472104EF2}.Debug|x86.ActiveCfg = Debug|Any CPU
		{495AEDE1-810C-49FB-A9D7-3CB472104EF2}.DemoSite|Any CPU.ActiveCfg = Debug|Any CPU
		{495AEDE1-810C-49FB-A9D7-3CB472104EF2}.DemoSite|Any CPU.Build.0 = Debug|Any CPU
		{495AEDE1-810C-49FB-A9D7-3CB472104EF2}.DemoSite|x64.ActiveCfg = Debug|Any CPU
		{495AEDE1-810C-49FB-A9D7-3CB472104EF2}.DemoSite|x86.ActiveCfg = Debug|Any CPU
		{495AEDE1-810C-49FB-A9D7-3CB472104EF2}.Download|Any CPU.ActiveCfg = Debug|Any CPU
		{495AEDE1-810C-49FB-A9D7-3CB472104EF2}.Download|Any CPU.Build.0 = Debug|Any CPU
		{495AEDE1-810C-49FB-A9D7-3CB472104EF2}.Download|x64.ActiveCfg = Debug|Any CPU
		{495AEDE1-810C-49FB-A9D7-3CB472104EF2}.Download|x86.ActiveCfg = Debug|Any CPU
		{495AEDE1-810C-49FB-A9D7-3CB472104EF2}.DVD-5|Any CPU.ActiveCfg = Debug|Any CPU
		{495AEDE1-810C-49FB-A9D7-3CB472104EF2}.DVD-5|Any CPU.Build.0 = Debug|Any CPU
		{495AEDE1-810C-49FB-A9D7-3CB472104EF2}.DVD-5|x64.ActiveCfg = Debug|Any CPU
		{495AEDE1-810C-49FB-A9D7-3CB472104EF2}.DVD-5|x86.ActiveCfg = Debug|Any CPU
		{495AEDE1-810C-49FB-A9D7-3CB472104EF2}.Mono|Any CPU.ActiveCfg = Release|Any CPU
		{495AEDE1-810C-49FB-A9D7-3CB472104EF2}.Mono|Any CPU.Build.0 = Release|Any CPU
		{495AEDE1-810C-49FB-A9D7-3CB472104EF2}.Mono|x64.ActiveCfg = Release|Any CPU
		{495AEDE1-810C-49FB-A9D7-3CB472104EF2}.Mono|x86.ActiveCfg = Release|Any CPU
		{495AEDE1-810C-49FB-A9D7-3CB472104EF2}.Release|Any CPU.ActiveCfg = Release|Any CPU
		{495AEDE1-810C-49FB-A9D7-3CB472104EF2}.Release|Any CPU.Build.0 = Release|Any CPU
		{495AEDE1-810C-49FB-A9D7-3CB472104EF2}.Release|x64.ActiveCfg = Release|Any CPU
		{495AEDE1-810C-49FB-A9D7-3CB472104EF2}.Release|x86.ActiveCfg = Release|Any CPU
		{495AEDE1-810C-49FB-A9D7-3CB472104EF2}.SingleImage|Any CPU.ActiveCfg = Release|Any CPU
		{495AEDE1-810C-49FB-A9D7-3CB472104EF2}.SingleImage|Any CPU.Build.0 = Release|Any CPU
		{495AEDE1-810C-49FB-A9D7-3CB472104EF2}.SingleImage|x64.ActiveCfg = Release|Any CPU
		{495AEDE1-810C-49FB-A9D7-3CB472104EF2}.SingleImage|x86.ActiveCfg = Release|Any CPU
		{04640F0D-7056-4A4C-B7DC-97172E28E89A}.CD_ROM|Any CPU.ActiveCfg = Release|Any CPU
		{04640F0D-7056-4A4C-B7DC-97172E28E89A}.CD_ROM|Any CPU.Build.0 = Release|Any CPU
		{04640F0D-7056-4A4C-B7DC-97172E28E89A}.CD_ROM|x64.ActiveCfg = Release|Any CPU
		{04640F0D-7056-4A4C-B7DC-97172E28E89A}.CD_ROM|x86.ActiveCfg = Release|Any CPU
		{04640F0D-7056-4A4C-B7DC-97172E28E89A}.Debug|Any CPU.ActiveCfg = Debug|Any CPU
		{04640F0D-7056-4A4C-B7DC-97172E28E89A}.Debug|Any CPU.Build.0 = Debug|Any CPU
		{04640F0D-7056-4A4C-B7DC-97172E28E89A}.Debug|x64.ActiveCfg = Debug|Any CPU
		{04640F0D-7056-4A4C-B7DC-97172E28E89A}.Debug|x86.ActiveCfg = Debug|Any CPU
		{04640F0D-7056-4A4C-B7DC-97172E28E89A}.DemoSite|Any CPU.ActiveCfg = Debug|Any CPU
		{04640F0D-7056-4A4C-B7DC-97172E28E89A}.DemoSite|Any CPU.Build.0 = Debug|Any CPU
		{04640F0D-7056-4A4C-B7DC-97172E28E89A}.DemoSite|x64.ActiveCfg = Debug|Any CPU
		{04640F0D-7056-4A4C-B7DC-97172E28E89A}.DemoSite|x86.ActiveCfg = Debug|Any CPU
		{04640F0D-7056-4A4C-B7DC-97172E28E89A}.Download|Any CPU.ActiveCfg = Debug|Any CPU
		{04640F0D-7056-4A4C-B7DC-97172E28E89A}.Download|Any CPU.Build.0 = Debug|Any CPU
		{04640F0D-7056-4A4C-B7DC-97172E28E89A}.Download|x64.ActiveCfg = Debug|Any CPU
		{04640F0D-7056-4A4C-B7DC-97172E28E89A}.Download|x86.ActiveCfg = Debug|Any CPU
		{04640F0D-7056-4A4C-B7DC-97172E28E89A}.DVD-5|Any CPU.ActiveCfg = Debug|Any CPU
		{04640F0D-7056-4A4C-B7DC-97172E28E89A}.DVD-5|Any CPU.Build.0 = Debug|Any CPU
		{04640F0D-7056-4A4C-B7DC-97172E28E89A}.DVD-5|x64.ActiveCfg = Debug|Any CPU
		{04640F0D-7056-4A4C-B7DC-97172E28E89A}.DVD-5|x86.ActiveCfg = Debug|Any CPU
		{04640F0D-7056-4A4C-B7DC-97172E28E89A}.Mono|Any CPU.ActiveCfg = Release|Any CPU
		{04640F0D-7056-4A4C-B7DC-97172E28E89A}.Mono|Any CPU.Build.0 = Release|Any CPU
		{04640F0D-7056-4A4C-B7DC-97172E28E89A}.Mono|x64.ActiveCfg = Release|Any CPU
		{04640F0D-7056-4A4C-B7DC-97172E28E89A}.Mono|x86.ActiveCfg = Release|Any CPU
		{04640F0D-7056-4A4C-B7DC-97172E28E89A}.Release|Any CPU.ActiveCfg = Release|Any CPU
		{04640F0D-7056-4A4C-B7DC-97172E28E89A}.Release|Any CPU.Build.0 = Release|Any CPU
		{04640F0D-7056-4A4C-B7DC-97172E28E89A}.Release|x64.ActiveCfg = Release|Any CPU
		{04640F0D-7056-4A4C-B7DC-97172E28E89A}.Release|x86.ActiveCfg = Release|Any CPU
		{04640F0D-7056-4A4C-B7DC-97172E28E89A}.SingleImage|Any CPU.ActiveCfg = Release|Any CPU
		{04640F0D-7056-4A4C-B7DC-97172E28E89A}.SingleImage|Any CPU.Build.0 = Release|Any CPU
		{04640F0D-7056-4A4C-B7DC-97172E28E89A}.SingleImage|x64.ActiveCfg = Release|Any CPU
		{04640F0D-7056-4A4C-B7DC-97172E28E89A}.SingleImage|x86.ActiveCfg = Release|Any CPU
		{469517AA-6E3B-43A1-88A2-7E99E5F80CFA}.CD_ROM|Any CPU.ActiveCfg = Release|Any CPU
		{469517AA-6E3B-43A1-88A2-7E99E5F80CFA}.CD_ROM|Any CPU.Build.0 = Release|Any CPU
		{469517AA-6E3B-43A1-88A2-7E99E5F80CFA}.CD_ROM|x64.ActiveCfg = Release|Any CPU
		{469517AA-6E3B-43A1-88A2-7E99E5F80CFA}.CD_ROM|x86.ActiveCfg = Release|Any CPU
		{469517AA-6E3B-43A1-88A2-7E99E5F80CFA}.Debug|Any CPU.ActiveCfg = Debug|Any CPU
		{469517AA-6E3B-43A1-88A2-7E99E5F80CFA}.Debug|Any CPU.Build.0 = Debug|Any CPU
		{469517AA-6E3B-43A1-88A2-7E99E5F80CFA}.Debug|x64.ActiveCfg = Debug|Any CPU
		{469517AA-6E3B-43A1-88A2-7E99E5F80CFA}.Debug|x86.ActiveCfg = Debug|Any CPU
		{469517AA-6E3B-43A1-88A2-7E99E5F80CFA}.DemoSite|Any CPU.ActiveCfg = Debug|Any CPU
		{469517AA-6E3B-43A1-88A2-7E99E5F80CFA}.DemoSite|Any CPU.Build.0 = Debug|Any CPU
		{469517AA-6E3B-43A1-88A2-7E99E5F80CFA}.DemoSite|x64.ActiveCfg = Debug|Any CPU
		{469517AA-6E3B-43A1-88A2-7E99E5F80CFA}.DemoSite|x86.ActiveCfg = Debug|Any CPU
		{469517AA-6E3B-43A1-88A2-7E99E5F80CFA}.Download|Any CPU.ActiveCfg = Debug|Any CPU
		{469517AA-6E3B-43A1-88A2-7E99E5F80CFA}.Download|Any CPU.Build.0 = Debug|Any CPU
		{469517AA-6E3B-43A1-88A2-7E99E5F80CFA}.Download|x64.ActiveCfg = Debug|Any CPU
		{469517AA-6E3B-43A1-88A2-7E99E5F80CFA}.Download|x86.ActiveCfg = Debug|Any CPU
		{469517AA-6E3B-43A1-88A2-7E99E5F80CFA}.DVD-5|Any CPU.ActiveCfg = Debug|Any CPU
		{469517AA-6E3B-43A1-88A2-7E99E5F80CFA}.DVD-5|Any CPU.Build.0 = Debug|Any CPU
		{469517AA-6E3B-43A1-88A2-7E99E5F80CFA}.DVD-5|x64.ActiveCfg = Debug|Any CPU
		{469517AA-6E3B-43A1-88A2-7E99E5F80CFA}.DVD-5|x86.ActiveCfg = Debug|Any CPU
		{469517AA-6E3B-43A1-88A2-7E99E5F80CFA}.Mono|Any CPU.ActiveCfg = Release|Any CPU
		{469517AA-6E3B-43A1-88A2-7E99E5F80CFA}.Mono|Any CPU.Build.0 = Release|Any CPU
		{469517AA-6E3B-43A1-88A2-7E99E5F80CFA}.Mono|x64.ActiveCfg = Release|Any CPU
		{469517AA-6E3B-43A1-88A2-7E99E5F80CFA}.Mono|x86.ActiveCfg = Release|Any CPU
		{469517AA-6E3B-43A1-88A2-7E99E5F80CFA}.Release|Any CPU.ActiveCfg = Release|Any CPU
		{469517AA-6E3B-43A1-88A2-7E99E5F80CFA}.Release|Any CPU.Build.0 = Release|Any CPU
		{469517AA-6E3B-43A1-88A2-7E99E5F80CFA}.Release|x64.ActiveCfg = Release|Any CPU
		{469517AA-6E3B-43A1-88A2-7E99E5F80CFA}.Release|x86.ActiveCfg = Release|Any CPU
		{469517AA-6E3B-43A1-88A2-7E99E5F80CFA}.SingleImage|Any CPU.ActiveCfg = Release|Any CPU
		{469517AA-6E3B-43A1-88A2-7E99E5F80CFA}.SingleImage|Any CPU.Build.0 = Release|Any CPU
		{469517AA-6E3B-43A1-88A2-7E99E5F80CFA}.SingleImage|x64.ActiveCfg = Release|Any CPU
		{469517AA-6E3B-43A1-88A2-7E99E5F80CFA}.SingleImage|x86.ActiveCfg = Release|Any CPU
		{1660BE26-F3CC-4B61-A604-6772210CD657}.CD_ROM|Any CPU.ActiveCfg = Release|Any CPU
		{1660BE26-F3CC-4B61-A604-6772210CD657}.CD_ROM|Any CPU.Build.0 = Release|Any CPU
		{1660BE26-F3CC-4B61-A604-6772210CD657}.CD_ROM|x64.ActiveCfg = Release|Any CPU
		{1660BE26-F3CC-4B61-A604-6772210CD657}.CD_ROM|x86.ActiveCfg = Release|Any CPU
		{1660BE26-F3CC-4B61-A604-6772210CD657}.Debug|Any CPU.ActiveCfg = Debug|Any CPU
		{1660BE26-F3CC-4B61-A604-6772210CD657}.Debug|Any CPU.Build.0 = Debug|Any CPU
		{1660BE26-F3CC-4B61-A604-6772210CD657}.Debug|x64.ActiveCfg = Debug|Any CPU
		{1660BE26-F3CC-4B61-A604-6772210CD657}.Debug|x86.ActiveCfg = Debug|Any CPU
		{1660BE26-F3CC-4B61-A604-6772210CD657}.DemoSite|Any CPU.ActiveCfg = Debug|Any CPU
		{1660BE26-F3CC-4B61-A604-6772210CD657}.DemoSite|Any CPU.Build.0 = Debug|Any CPU
		{1660BE26-F3CC-4B61-A604-6772210CD657}.DemoSite|x64.ActiveCfg = Debug|Any CPU
		{1660BE26-F3CC-4B61-A604-6772210CD657}.DemoSite|x86.ActiveCfg = Debug|Any CPU
		{1660BE26-F3CC-4B61-A604-6772210CD657}.Download|Any CPU.ActiveCfg = Debug|Any CPU
		{1660BE26-F3CC-4B61-A604-6772210CD657}.Download|Any CPU.Build.0 = Debug|Any CPU
		{1660BE26-F3CC-4B61-A604-6772210CD657}.Download|x64.ActiveCfg = Debug|Any CPU
		{1660BE26-F3CC-4B61-A604-6772210CD657}.Download|x86.ActiveCfg = Debug|Any CPU
		{1660BE26-F3CC-4B61-A604-6772210CD657}.DVD-5|Any CPU.ActiveCfg = Debug|Any CPU
		{1660BE26-F3CC-4B61-A604-6772210CD657}.DVD-5|Any CPU.Build.0 = Debug|Any CPU
		{1660BE26-F3CC-4B61-A604-6772210CD657}.DVD-5|x64.ActiveCfg = Debug|Any CPU
		{1660BE26-F3CC-4B61-A604-6772210CD657}.DVD-5|x86.ActiveCfg = Debug|Any CPU
		{1660BE26-F3CC-4B61-A604-6772210CD657}.Mono|Any CPU.ActiveCfg = Release|Any CPU
		{1660BE26-F3CC-4B61-A604-6772210CD657}.Mono|Any CPU.Build.0 = Release|Any CPU
		{1660BE26-F3CC-4B61-A604-6772210CD657}.Mono|x64.ActiveCfg = Release|Any CPU
		{1660BE26-F3CC-4B61-A604-6772210CD657}.Mono|x86.ActiveCfg = Release|Any CPU
		{1660BE26-F3CC-4B61-A604-6772210CD657}.Release|Any CPU.ActiveCfg = Release|Any CPU
		{1660BE26-F3CC-4B61-A604-6772210CD657}.Release|Any CPU.Build.0 = Release|Any CPU
		{1660BE26-F3CC-4B61-A604-6772210CD657}.Release|x64.ActiveCfg = Release|Any CPU
		{1660BE26-F3CC-4B61-A604-6772210CD657}.Release|x86.ActiveCfg = Release|Any CPU
		{1660BE26-F3CC-4B61-A604-6772210CD657}.SingleImage|Any CPU.ActiveCfg = Release|Any CPU
		{1660BE26-F3CC-4B61-A604-6772210CD657}.SingleImage|Any CPU.Build.0 = Release|Any CPU
		{1660BE26-F3CC-4B61-A604-6772210CD657}.SingleImage|x64.ActiveCfg = Release|Any CPU
		{1660BE26-F3CC-4B61-A604-6772210CD657}.SingleImage|x86.ActiveCfg = Release|Any CPU
		{F9BCABC5-9177-49E8-B6DF-03B430C8C9FE}.CD_ROM|Any CPU.ActiveCfg = Release|Any CPU
		{F9BCABC5-9177-49E8-B6DF-03B430C8C9FE}.CD_ROM|Any CPU.Build.0 = Release|Any CPU
		{F9BCABC5-9177-49E8-B6DF-03B430C8C9FE}.CD_ROM|x64.ActiveCfg = Release|Any CPU
		{F9BCABC5-9177-49E8-B6DF-03B430C8C9FE}.CD_ROM|x86.ActiveCfg = Release|Any CPU
		{F9BCABC5-9177-49E8-B6DF-03B430C8C9FE}.Debug|Any CPU.ActiveCfg = Debug|Any CPU
		{F9BCABC5-9177-49E8-B6DF-03B430C8C9FE}.Debug|Any CPU.Build.0 = Debug|Any CPU
		{F9BCABC5-9177-49E8-B6DF-03B430C8C9FE}.Debug|x64.ActiveCfg = Debug|Any CPU
		{F9BCABC5-9177-49E8-B6DF-03B430C8C9FE}.Debug|x86.ActiveCfg = Debug|Any CPU
		{F9BCABC5-9177-49E8-B6DF-03B430C8C9FE}.DemoSite|Any CPU.ActiveCfg = Debug|Any CPU
		{F9BCABC5-9177-49E8-B6DF-03B430C8C9FE}.DemoSite|Any CPU.Build.0 = Debug|Any CPU
		{F9BCABC5-9177-49E8-B6DF-03B430C8C9FE}.DemoSite|x64.ActiveCfg = Debug|Any CPU
		{F9BCABC5-9177-49E8-B6DF-03B430C8C9FE}.DemoSite|x86.ActiveCfg = Debug|Any CPU
		{F9BCABC5-9177-49E8-B6DF-03B430C8C9FE}.Download|Any CPU.ActiveCfg = Debug|Any CPU
		{F9BCABC5-9177-49E8-B6DF-03B430C8C9FE}.Download|Any CPU.Build.0 = Debug|Any CPU
		{F9BCABC5-9177-49E8-B6DF-03B430C8C9FE}.Download|x64.ActiveCfg = Debug|Any CPU
		{F9BCABC5-9177-49E8-B6DF-03B430C8C9FE}.Download|x86.ActiveCfg = Debug|Any CPU
		{F9BCABC5-9177-49E8-B6DF-03B430C8C9FE}.DVD-5|Any CPU.ActiveCfg = Debug|Any CPU
		{F9BCABC5-9177-49E8-B6DF-03B430C8C9FE}.DVD-5|Any CPU.Build.0 = Debug|Any CPU
		{F9BCABC5-9177-49E8-B6DF-03B430C8C9FE}.DVD-5|x64.ActiveCfg = Debug|Any CPU
		{F9BCABC5-9177-49E8-B6DF-03B430C8C9FE}.DVD-5|x86.ActiveCfg = Debug|Any CPU
		{F9BCABC5-9177-49E8-B6DF-03B430C8C9FE}.Mono|Any CPU.ActiveCfg = Release|Any CPU
		{F9BCABC5-9177-49E8-B6DF-03B430C8C9FE}.Mono|Any CPU.Build.0 = Release|Any CPU
		{F9BCABC5-9177-49E8-B6DF-03B430C8C9FE}.Mono|x64.ActiveCfg = Release|Any CPU
		{F9BCABC5-9177-49E8-B6DF-03B430C8C9FE}.Mono|x86.ActiveCfg = Release|Any CPU
		{F9BCABC5-9177-49E8-B6DF-03B430C8C9FE}.Release|Any CPU.ActiveCfg = Release|Any CPU
		{F9BCABC5-9177-49E8-B6DF-03B430C8C9FE}.Release|Any CPU.Build.0 = Release|Any CPU
		{F9BCABC5-9177-49E8-B6DF-03B430C8C9FE}.Release|x64.ActiveCfg = Release|Any CPU
		{F9BCABC5-9177-49E8-B6DF-03B430C8C9FE}.Release|x86.ActiveCfg = Release|Any CPU
		{F9BCABC5-9177-49E8-B6DF-03B430C8C9FE}.SingleImage|Any CPU.ActiveCfg = Release|Any CPU
		{F9BCABC5-9177-49E8-B6DF-03B430C8C9FE}.SingleImage|Any CPU.Build.0 = Release|Any CPU
		{F9BCABC5-9177-49E8-B6DF-03B430C8C9FE}.SingleImage|x64.ActiveCfg = Release|Any CPU
		{F9BCABC5-9177-49E8-B6DF-03B430C8C9FE}.SingleImage|x86.ActiveCfg = Release|Any CPU
		{A74FD94C-B14C-424B-A117-14ED22CCEBFF}.CD_ROM|Any CPU.ActiveCfg = Release|Any CPU
		{A74FD94C-B14C-424B-A117-14ED22CCEBFF}.CD_ROM|Any CPU.Build.0 = Release|Any CPU
		{A74FD94C-B14C-424B-A117-14ED22CCEBFF}.CD_ROM|x64.ActiveCfg = Release|Any CPU
		{A74FD94C-B14C-424B-A117-14ED22CCEBFF}.CD_ROM|x86.ActiveCfg = Release|Any CPU
		{A74FD94C-B14C-424B-A117-14ED22CCEBFF}.Debug|Any CPU.ActiveCfg = Debug|Any CPU
		{A74FD94C-B14C-424B-A117-14ED22CCEBFF}.Debug|Any CPU.Build.0 = Debug|Any CPU
		{A74FD94C-B14C-424B-A117-14ED22CCEBFF}.Debug|x64.ActiveCfg = Debug|Any CPU
		{A74FD94C-B14C-424B-A117-14ED22CCEBFF}.Debug|x86.ActiveCfg = Debug|Any CPU
		{A74FD94C-B14C-424B-A117-14ED22CCEBFF}.DemoSite|Any CPU.ActiveCfg = Debug|Any CPU
		{A74FD94C-B14C-424B-A117-14ED22CCEBFF}.DemoSite|Any CPU.Build.0 = Debug|Any CPU
		{A74FD94C-B14C-424B-A117-14ED22CCEBFF}.DemoSite|x64.ActiveCfg = Debug|Any CPU
		{A74FD94C-B14C-424B-A117-14ED22CCEBFF}.DemoSite|x86.ActiveCfg = Debug|Any CPU
		{A74FD94C-B14C-424B-A117-14ED22CCEBFF}.Download|Any CPU.ActiveCfg = Debug|Any CPU
		{A74FD94C-B14C-424B-A117-14ED22CCEBFF}.Download|Any CPU.Build.0 = Debug|Any CPU
		{A74FD94C-B14C-424B-A117-14ED22CCEBFF}.Download|x64.ActiveCfg = Debug|Any CPU
		{A74FD94C-B14C-424B-A117-14ED22CCEBFF}.Download|x86.ActiveCfg = Debug|Any CPU
		{A74FD94C-B14C-424B-A117-14ED22CCEBFF}.DVD-5|Any CPU.ActiveCfg = Debug|Any CPU
		{A74FD94C-B14C-424B-A117-14ED22CCEBFF}.DVD-5|Any CPU.Build.0 = Debug|Any CPU
		{A74FD94C-B14C-424B-A117-14ED22CCEBFF}.DVD-5|x64.ActiveCfg = Debug|Any CPU
		{A74FD94C-B14C-424B-A117-14ED22CCEBFF}.DVD-5|x86.ActiveCfg = Debug|Any CPU
		{A74FD94C-B14C-424B-A117-14ED22CCEBFF}.Mono|Any CPU.ActiveCfg = Release|Any CPU
		{A74FD94C-B14C-424B-A117-14ED22CCEBFF}.Mono|Any CPU.Build.0 = Release|Any CPU
		{A74FD94C-B14C-424B-A117-14ED22CCEBFF}.Mono|x64.ActiveCfg = Release|Any CPU
		{A74FD94C-B14C-424B-A117-14ED22CCEBFF}.Mono|x86.ActiveCfg = Release|Any CPU
		{A74FD94C-B14C-424B-A117-14ED22CCEBFF}.Release|Any CPU.ActiveCfg = Release|Any CPU
		{A74FD94C-B14C-424B-A117-14ED22CCEBFF}.Release|Any CPU.Build.0 = Release|Any CPU
		{A74FD94C-B14C-424B-A117-14ED22CCEBFF}.Release|x64.ActiveCfg = Release|Any CPU
		{A74FD94C-B14C-424B-A117-14ED22CCEBFF}.Release|x86.ActiveCfg = Release|Any CPU
		{A74FD94C-B14C-424B-A117-14ED22CCEBFF}.SingleImage|Any CPU.ActiveCfg = Release|Any CPU
		{A74FD94C-B14C-424B-A117-14ED22CCEBFF}.SingleImage|Any CPU.Build.0 = Release|Any CPU
		{A74FD94C-B14C-424B-A117-14ED22CCEBFF}.SingleImage|x64.ActiveCfg = Release|Any CPU
		{A74FD94C-B14C-424B-A117-14ED22CCEBFF}.SingleImage|x86.ActiveCfg = Release|Any CPU
	EndGlobalSection
	GlobalSection(SolutionProperties) = preSolution
		HideSolutionNode = FALSE
	EndGlobalSection
	GlobalSection(NestedProjects) = preSolution
		{6ED9AFB5-CEFB-4C03-8029-20C9B8404904} = {AFC84794-4C3D-49F1-9E7C-96E8E9847497}
		{5C133C8C-4616-4100-9BAD-07FF9B3B6C29} = {5F8DFD28-7116-45C6-A9F3-843A1D2FD569}
		{0496B31D-B5CE-4BD3-A538-DDD83DB178C9} = {AFC84794-4C3D-49F1-9E7C-96E8E9847497}
		{B89E7F40-574C-484E-B999-21493F9276B0} = {5F8DFD28-7116-45C6-A9F3-843A1D2FD569}
		{0336366F-2326-4507-A485-B07DA4A1CC7B} = {AFC84794-4C3D-49F1-9E7C-96E8E9847497}
		{372B286B-1C16-4FEE-9F91-6B7B1E1E7394} = {5F8DFD28-7116-45C6-A9F3-843A1D2FD569}
		{AFC84794-4C3D-49F1-9E7C-96E8E9847497} = {F1D52B6D-7EE7-473A-B3C0-03E3568140B7}
		{5F8DFD28-7116-45C6-A9F3-843A1D2FD569} = {AFC84794-4C3D-49F1-9E7C-96E8E9847497}
		{F2A3C64C-01C8-4CAD-8C7B-CF53BDA7BAE5} = {F1D52B6D-7EE7-473A-B3C0-03E3568140B7}
		{2A302195-A933-4498-BABC-E8233B767F38} = {0496B31D-B5CE-4BD3-A538-DDD83DB178C9}
		{FEAA3F3B-4A3C-4654-8838-925AAF973DF8} = {0496B31D-B5CE-4BD3-A538-DDD83DB178C9}
		{2A607E15-4B8A-4217-95A9-2CC30CDC7F38} = {6ED9AFB5-CEFB-4C03-8029-20C9B8404904}
		{6BDD195B-B753-435E-BCBB-141A8F7E464B} = {5C133C8C-4616-4100-9BAD-07FF9B3B6C29}
		{95C572A0-951A-4DF7-9D03-BA4680F6EC0E} = {5C133C8C-4616-4100-9BAD-07FF9B3B6C29}
		{6A3A7E76-AC00-4A9B-A547-0C9C11C3BEEC} = {5C133C8C-4616-4100-9BAD-07FF9B3B6C29}
		{664A2E12-20D8-441F-BAD0-7989CC716AEE} = {B89E7F40-574C-484E-B999-21493F9276B0}
		{28EF7BD7-BF05-4FC4-BD51-130C65E007EB} = {372B286B-1C16-4FEE-9F91-6B7B1E1E7394}
		{495AEDE1-810C-49FB-A9D7-3CB472104EF2} = {372B286B-1C16-4FEE-9F91-6B7B1E1E7394}
		{04640F0D-7056-4A4C-B7DC-97172E28E89A} = {372B286B-1C16-4FEE-9F91-6B7B1E1E7394}
		{469517AA-6E3B-43A1-88A2-7E99E5F80CFA} = {372B286B-1C16-4FEE-9F91-6B7B1E1E7394}
		{1660BE26-F3CC-4B61-A604-6772210CD657} = {372B286B-1C16-4FEE-9F91-6B7B1E1E7394}
		{F9BCABC5-9177-49E8-B6DF-03B430C8C9FE} = {F2A3C64C-01C8-4CAD-8C7B-CF53BDA7BAE5}
		{A74FD94C-B14C-424B-A117-14ED22CCEBFF} = {0336366F-2326-4507-A485-B07DA4A1CC7B}
	EndGlobalSection
EndGlobal
